# This file is autogenerated, do not edit; changes may be undone by the next 'dep ensure'.


[[projects]]
  name = "github.com/blackjack/webcam"
  packages = [".","ioctl"]
  revision = "dba29cd98b67338ba06da65a102550592eed5426"
  version = "v0.3"

[[projects]]
  branch = "master"
  name = "golang.org/x/sys"
  packages = ["unix"]
  revision = "164713f0dfcec4e80be8b53e1f0811f5f0d84578"

[solve-meta]
  analyzer-name = "dep"
  analyzer-version = 1
  inputs-digest = "1c4b5b97d91d7bc75eb7a4184f11e6451ea1c3b949fea8a8358950e87c32f765"
  solver-name = "gps-cdcl"
  solver-version = 1
